
Microsoft Visual Studio Solution File, Format Version 12.00
# Visual Studio Version 17
VisualStudioVersion = 17.14.37314.3 d17.14
MinimumVisualStudioVersion = 10.0.40219.1
Project("{FAE04EC0-301F-11D3-BF4B-00C04F79EFBC}") = "WaterMilkTea", "WaterMilkTea.csproj", "{A8A7A6A5-4CE8-4D2A-BCE4-1EAAEF6CD4FF}"
EndProject
Global
	GlobalSection(SolutionConfigurationPlatforms) = preSolution
		Debug|Any CPU = Debug|Any CPU
		Release|Any CPU = Release|Any CPU
	EndGlobalSection
	GlobalSection(ProjectConfigurationPlatforms) = postSolution
		{A8A7A6A5-4CE8-4D2A-BCE4-1EAAEF6CD4FF}.Debug|Any CPU.ActiveCfg = Debug|Any CPU
		{A8A7A6A5-4CE8-4D2A-BCE4-1EAAEF6CD4FF}.Debug|Any CPU.Build.0 = Debug|Any CPU
		{A8A7A6A5-4CE8-4D2A-BCE4-1EAAEF6CD4FF}.Release|Any CPU.ActiveCfg = Release|Any CPU
		{A8A7A6A5-4CE8-4D2A-BCE4-1EAAEF6CD4FF}.Release|Any CPU.Build.0 = Release|Any CPU
	EndGlobalSection
	GlobalSection(SolutionProperties) = preSolution
		HideSolutionNode = FALSE
	EndGlobalSection
	GlobalSection(ExtensibilityGlobals) = postSolution
		SolutionGuid = {6474AD6C-CF95-4FC6-933A-DB17D6E1A76A}
	EndGlobalSection
EndGlobal
